{
  "version": 4,
  "terraform_version": "1.10.2",
  "serial": 14,
  "lineage": "28fab8f4-f841-f5da-4e8c-20367ea364f8",
  "outputs": {
    "argocd_service_account_email": {
      "value": "argocd@omega-strand-444013-p0.iam.gserviceaccount.com",
      "type": "string"
    },
    "artifact_repo": {
      "value": "microservice-docker-repo",
      "type": "string"
    },
    "cluster_name": {
      "value": "microservice-cluster",
      "type": "string"
    }
  },
  "resources": [
    {
      "mode": "managed",
      "type": "google_artifact_registry_repository",
      "name": "docker_repo",
      "provider": "provider[\"registry.terraform.io/hashicorp/google\"]",
      "instances": [
        {
          "schema_version": 0,
          "attributes": {
            "cleanup_policies": [],
            "cleanup_policy_dry_run": false,
            "create_time": "2024-12-12T23:00:06.776339Z",
            "description": "Docker repository for microservice application",
            "docker_config": [],
            "effective_labels": {
              "goog-terraform-provisioned": "true"
            },
            "format": "DOCKER",
            "id": "projects/omega-strand-444013-p0/locations/northamerica-northeast1/repositories/microservice-docker-repo",
            "kms_key_name": "",
            "labels": {},
            "location": "northamerica-northeast1",
            "maven_config": [],
            "mode": "STANDARD_REPOSITORY",
            "name": "microservice-docker-repo",
            "project": "omega-strand-444013-p0",
            "remote_repository_config": [],
            "repository_id": "microservice-docker-repo",
            "terraform_labels": {
              "goog-terraform-provisioned": "true"
            },
            "timeouts": null,
            "update_time": "2024-12-12T23:00:06.776339Z",
            "virtual_repository_config": []
          },
          "sensitive_attributes": [],
          "private": "eyJlMmJmYjczMC1lY2FhLTExZTYtOGY4OC0zNDM2M2JjN2M0YzAiOnsiY3JlYXRlIjoxMjAwMDAwMDAwMDAwLCJkZWxldGUiOjEyMDAwMDAwMDAwMDAsInVwZGF0ZSI6MTIwMDAwMDAwMDAwMH19"
        }
      ]
    },
    {
      "mode": "managed",
      "type": "google_project_iam_member",
      "name": "argocd_bindings",
      "provider": "provider[\"registry.terraform.io/hashicorp/google\"]",
      "instances": [
        {
          "schema_version": 0,
          "attributes": {
            "condition": [],
            "etag": "BwYpGq099NQ=",
            "id": "omega-strand-444013-p0/roles/container.developer/serviceAccount:argocd@omega-strand-444013-p0.iam.gserviceaccount.com",
            "member": "serviceAccount:argocd@omega-strand-444013-p0.iam.gserviceaccount.com",
            "project": "omega-strand-444013-p0",
            "role": "roles/container.developer"
          },
          "sensitive_attributes": [],
          "private": "bnVsbA==",
          "dependencies": [
            "google_service_account.argocd_sa"
          ]
        }
      ]
    },
    {
      "mode": "managed",
      "type": "google_service_account",
      "name": "argocd_sa",
      "provider": "provider[\"registry.terraform.io/hashicorp/google\"]",
      "instances": [
        {
          "schema_version": 0,
          "attributes": {
            "account_id": "argocd",
            "create_ignore_already_exists": null,
            "description": "",
            "disabled": false,
            "display_name": "ArgoCD Service Account",
            "email": "argocd@omega-strand-444013-p0.iam.gserviceaccount.com",
            "id": "projects/omega-strand-444013-p0/serviceAccounts/argocd@omega-strand-444013-p0.iam.gserviceaccount.com",
            "member": "serviceAccount:argocd@omega-strand-444013-p0.iam.gserviceaccount.com",
            "name": "projects/omega-strand-444013-p0/serviceAccounts/argocd@omega-strand-444013-p0.iam.gserviceaccount.com",
            "project": "omega-strand-444013-p0",
            "timeouts": null,
            "unique_id": "110589966966133930233"
          },
          "sensitive_attributes": [],
          "private": "eyJlMmJmYjczMC1lY2FhLTExZTYtOGY4OC0zNDM2M2JjN2M0YzAiOnsiY3JlYXRlIjozMDAwMDAwMDAwMDB9fQ=="
        }
      ]
    },
    {
      "mode": "managed",
      "type": "null_resource",
      "name": "build_and_push_images",
      "provider": "provider[\"registry.terraform.io/hashicorp/null\"]",
      "instances": [
        {
          "schema_version": 0,
          "attributes": {
            "id": "7403429901125232480",
            "triggers": null
          },
          "sensitive_attributes": [],
          "dependencies": [
            "google_artifact_registry_repository.docker_repo"
          ]
        }
      ]
    }
  ],
  "check_results": null
}
